
Microsoft Visual Studio Solution File, Format Version 12.00
# Visual Studio Version 17
VisualStudioVersion = 17.10.34928.147
MinimumVisualStudioVersion = 10.0.40219.1
Project("{FAE04EC0-301F-11D3-BF4B-00C04F79EFBC}") = "Zborche", "Zborche\Zborche.csproj", "{3C60188F-352E-4F3A-843F-1863D6354D82}"
EndProject
Global
	GlobalSection(SolutionConfigurationPlatforms) = preSolution
		Debug|Any CPU = Debug|Any CPU
		Release|Any CPU = Release|Any CPU
	EndGlobalSection
	GlobalSection(ProjectConfigurationPlatforms) = postSolution
		{3C60188F-352E-4F3A-843F-1863D6354D82}.Debug|Any CPU.ActiveCfg = Debug|Any CPU
		{3C60188F-352E-4F3A-843F-1863D6354D82}.Debug|Any CPU.Build.0 = Debug|Any CPU
		{3C60188F-352E-4F3A-843F-1863D6354D82}.Release|Any CPU.ActiveCfg = Release|Any CPU
		{3C60188F-352E-4F3A-843F-1863D6354D82}.Release|Any CPU.Build.0 = Release|Any CPU
	EndGlobalSection
	GlobalSection(SolutionProperties) = preSolution
		HideSolutionNode = FALSE
	EndGlobalSection
	GlobalSection(ExtensibilityGlobals) = postSolution
		SolutionGuid = {7DE7C9CD-89D7-4B36-A013-D04F0945AA45}
	EndGlobalSection
EndGlobal
